
Microsoft Visual Studio Solution File, Format Version 12.00
# Visual Studio Version 17
VisualStudioVersion = 17.1.32228.430
MinimumVisualStudioVersion = 10.0.40219.1
Project("{FAE04EC0-301F-11D3-BF4B-00C04F79EFBC}") = "FileManager", "FileManager\FileManager.csproj", "{BAFF4205-9ED6-4CA9-8FB7-8FA492289A46}"
EndProject
Global
	GlobalSection(SolutionConfigurationPlatforms) = preSolution
		Debug|Any CPU = Debug|Any CPU
		Release|Any CPU = Release|Any CPU
	EndGlobalSection
	GlobalSection(ProjectConfigurationPlatforms) = postSolution
		{BAFF4205-9ED6-4CA9-8FB7-8FA492289A46}.Debug|Any CPU.ActiveCfg = Debug|Any CPU
		{BAFF4205-9ED6-4CA9-8FB7-8FA492289A46}.Debug|Any CPU.Build.0 = Debug|Any CPU
		{BAFF4205-9ED6-4CA9-8FB7-8FA492289A46}.Release|Any CPU.ActiveCfg = Release|Any CPU
		{BAFF4205-9ED6-4CA9-8FB7-8FA492289A46}.Release|Any CPU.Build.0 = Release|Any CPU
	EndGlobalSection
	GlobalSection(SolutionProperties) = preSolution
		HideSolutionNode = FALSE
	EndGlobalSection
	GlobalSection(ExtensibilityGlobals) = postSolution
		SolutionGuid = {E35F097E-3DDD-4A2C-AFF9-0C067E51A0F7}
	EndGlobalSection
EndGlobal
